
Microsoft Visual Studio Solution File, Format Version 12.00
# Visual Studio 15
VisualStudioVersion = 15.0.27130.2036
MinimumVisualStudioVersion = 10.0.40219.1
Project("{FAE04EC0-301F-11D3-BF4B-00C04F79EFBC}") = "Az532", "Az532.csproj", "{15A06277-77C9-43AC-A979-C7055E576D3B}"
EndProject
Global
	GlobalSection(SolutionConfigurationPlatforms) = preSolution
		Debug|Any CPU = Debug|Any CPU
		Release|Any CPU = Release|Any CPU
	EndGlobalSection
	GlobalSection(ProjectConfigurationPlatforms) = postSolution
		{15A06277-77C9-43AC-A979-C7055E576D3B}.Debug|Any CPU.ActiveCfg = Debug|Any CPU
		{15A06277-77C9-43AC-A979-C7055E576D3B}.Debug|Any CPU.Build.0 = Debug|Any CPU
		{15A06277-77C9-43AC-A979-C7055E576D3B}.Release|Any CPU.ActiveCfg = Release|Any CPU
		{15A06277-77C9-43AC-A979-C7055E576D3B}.Release|Any CPU.Build.0 = Release|Any CPU
	EndGlobalSection
	GlobalSection(SolutionProperties) = preSolution
		HideSolutionNode = FALSE
	EndGlobalSection
	GlobalSection(ExtensibilityGlobals) = postSolution
		SolutionGuid = {00162DDE-2C2F-4D28-97FE-347C298894F8}
	EndGlobalSection
EndGlobal
